
Microsoft Visual Studio Solution File, Format Version 12.00
# Visual Studio 15
VisualStudioVersion = 15.0.26124.0
MinimumVisualStudioVersion = 15.0.26124.0
Project("{2150E333-8FDC-42A3-9474-1A3956D46DE8}") = "src", "src", "{8B147503-6835-4150-BCB4-7CEF4FFFFA32}"
EndProject
Project("{FAE04EC0-301F-11D3-BF4B-00C04F79EFBC}") = "BlazorAuthorization.Client", "src\Client\BlazorAuthorization.Client.csproj", "{13D34F7C-C794-4479-BD6C-1EF834C10B29}"
EndProject
Project("{FAE04EC0-301F-11D3-BF4B-00C04F79EFBC}") = "BlazorAuthorization.Server", "src\Server\BlazorAuthorization.Server.csproj", "{429C23DB-DA44-4B9E-93D8-BC2C87544CCE}"
EndProject
Project("{FAE04EC0-301F-11D3-BF4B-00C04F79EFBC}") = "BlazorAuthorization.Shared", "src\Shared\BlazorAuthorization.Shared.csproj", "{B833937F-7B39-4375-838C-4D6532D41A3B}"
EndProject
Global
	GlobalSection(SolutionConfigurationPlatforms) = preSolution
		Debug|Any CPU = Debug|Any CPU
		Debug|x64 = Debug|x64
		Debug|x86 = Debug|x86
		Release|Any CPU = Release|Any CPU
		Release|x64 = Release|x64
		Release|x86 = Release|x86
	EndGlobalSection
	GlobalSection(SolutionProperties) = preSolution
		HideSolutionNode = FALSE
	EndGlobalSection
	GlobalSection(ProjectConfigurationPlatforms) = postSolution
		{13D34F7C-C794-4479-BD6C-1EF834C10B29}.Debug|Any CPU.ActiveCfg = Debug|Any CPU
		{13D34F7C-C794-4479-BD6C-1EF834C10B29}.Debug|Any CPU.Build.0 = Debug|Any CPU
		{13D34F7C-C794-4479-BD6C-1EF834C10B29}.Debug|x64.ActiveCfg = Debug|Any CPU
		{13D34F7C-C794-4479-BD6C-1EF834C10B29}.Debug|x64.Build.0 = Debug|Any CPU
		{13D34F7C-C794-4479-BD6C-1EF834C10B29}.Debug|x86.ActiveCfg = Debug|Any CPU
		{13D34F7C-C794-4479-BD6C-1EF834C10B29}.Debug|x86.Build.0 = Debug|Any CPU
		{13D34F7C-C794-4479-BD6C-1EF834C10B29}.Release|Any CPU.ActiveCfg = Release|Any CPU
		{13D34F7C-C794-4479-BD6C-1EF834C10B29}.Release|Any CPU.Build.0 = Release|Any CPU
		{13D34F7C-C794-4479-BD6C-1EF834C10B29}.Release|x64.ActiveCfg = Release|Any CPU
		{13D34F7C-C794-4479-BD6C-1EF834C10B29}.Release|x64.Build.0 = Release|Any CPU
		{13D34F7C-C794-4479-BD6C-1EF834C10B29}.Release|x86.ActiveCfg = Release|Any CPU
		{13D34F7C-C794-4479-BD6C-1EF834C10B29}.Release|x86.Build.0 = Release|Any CPU
		{429C23DB-DA44-4B9E-93D8-BC2C87544CCE}.Debug|Any CPU.ActiveCfg = Debug|Any CPU
		{429C23DB-DA44-4B9E-93D8-BC2C87544CCE}.Debug|Any CPU.Build.0 = Debug|Any CPU
		{429C23DB-DA44-4B9E-93D8-BC2C87544CCE}.Debug|x64.ActiveCfg = Debug|Any CPU
		{429C23DB-DA44-4B9E-93D8-BC2C87544CCE}.Debug|x64.Build.0 = Debug|Any CPU
		{429C23DB-DA44-4B9E-93D8-BC2C87544CCE}.Debug|x86.ActiveCfg = Debug|Any CPU
		{429C23DB-DA44-4B9E-93D8-BC2C87544CCE}.Debug|x86.Build.0 = Debug|Any CPU
		{429C23DB-DA44-4B9E-93D8-BC2C87544CCE}.Release|Any CPU.ActiveCfg = Release|Any CPU
		{429C23DB-DA44-4B9E-93D8-BC2C87544CCE}.Release|Any CPU.Build.0 = Release|Any CPU
		{429C23DB-DA44-4B9E-93D8-BC2C87544CCE}.Release|x64.ActiveCfg = Release|Any CPU
		{429C23DB-DA44-4B9E-93D8-BC2C87544CCE}.Release|x64.Build.0 = Release|Any CPU
		{429C23DB-DA44-4B9E-93D8-BC2C87544CCE}.Release|x86.ActiveCfg = Release|Any CPU
		{429C23DB-DA44-4B9E-93D8-BC2C87544CCE}.Release|x86.Build.0 = Release|Any CPU
		{B833937F-7B39-4375-838C-4D6532D41A3B}.Debug|Any CPU.ActiveCfg = Debug|Any CPU
		{B833937F-7B39-4375-838C-4D6532D41A3B}.Debug|Any CPU.Build.0 = Debug|Any CPU
		{B833937F-7B39-4375-838C-4D6532D41A3B}.Debug|x64.ActiveCfg = Debug|Any CPU
		{B833937F-7B39-4375-838C-4D6532D41A3B}.Debug|x64.Build.0 = Debug|Any CPU
		{B833937F-7B39-4375-838C-4D6532D41A3B}.Debug|x86.ActiveCfg = Debug|Any CPU
		{B833937F-7B39-4375-838C-4D6532D41A3B}.Debug|x86.Build.0 = Debug|Any CPU
		{B833937F-7B39-4375-838C-4D6532D41A3B}.Release|Any CPU.ActiveCfg = Release|Any CPU
		{B833937F-7B39-4375-838C-4D6532D41A3B}.Release|Any CPU.Build.0 = Release|Any CPU
		{B833937F-7B39-4375-838C-4D6532D41A3B}.Release|x64.ActiveCfg = Release|Any CPU
		{B833937F-7B39-4375-838C-4D6532D41A3B}.Release|x64.Build.0 = Release|Any CPU
		{B833937F-7B39-4375-838C-4D6532D41A3B}.Release|x86.ActiveCfg = Release|Any CPU
		{B833937F-7B39-4375-838C-4D6532D41A3B}.Release|x86.Build.0 = Release|Any CPU
	EndGlobalSection
	GlobalSection(NestedProjects) = preSolution
		{13D34F7C-C794-4479-BD6C-1EF834C10B29} = {8B147503-6835-4150-BCB4-7CEF4FFFFA32}
		{429C23DB-DA44-4B9E-93D8-BC2C87544CCE} = {8B147503-6835-4150-BCB4-7CEF4FFFFA32}
		{B833937F-7B39-4375-838C-4D6532D41A3B} = {8B147503-6835-4150-BCB4-7CEF4FFFFA32}
	EndGlobalSection
EndGlobal
